
Microsoft Visual Studio Solution File, Format Version 12.00
# Visual Studio 15
VisualStudioVersion = 15.0.27703.2000
MinimumVisualStudioVersion = 10.0.40219.1
Project("{9A19103F-16F7-4668-BE54-9A1E7A4F7556}") = "ICSharpCore.Kernel", "src\ICSharpCore.Kernel\ICSharpCore.Kernel.csproj", "{F348969B-D463-435C-9121-DB97E395E772}"
EndProject
Project("{9A19103F-16F7-4668-BE54-9A1E7A4F7556}") = "ICSharpCore.Console", "src\ICSharpCore.Console\ICSharpCore.Console.csproj", "{5F777E71-F3CD-4880-A053-DEE5ECEAB328}"
EndProject
Global
	GlobalSection(SolutionConfigurationPlatforms) = preSolution
		Debug|Any CPU = Debug|Any CPU
		Release|Any CPU = Release|Any CPU
	EndGlobalSection
	GlobalSection(ProjectConfigurationPlatforms) = postSolution
		{F348969B-D463-435C-9121-DB97E395E772}.Debug|Any CPU.ActiveCfg = Debug|Any CPU
		{F348969B-D463-435C-9121-DB97E395E772}.Debug|Any CPU.Build.0 = Debug|Any CPU
		{F348969B-D463-435C-9121-DB97E395E772}.Release|Any CPU.ActiveCfg = Release|Any CPU
		{F348969B-D463-435C-9121-DB97E395E772}.Release|Any CPU.Build.0 = Release|Any CPU
		{5F777E71-F3CD-4880-A053-DEE5ECEAB328}.Debug|Any CPU.ActiveCfg = Debug|Any CPU
		{5F777E71-F3CD-4880-A053-DEE5ECEAB328}.Debug|Any CPU.Build.0 = Debug|Any CPU
		{5F777E71-F3CD-4880-A053-DEE5ECEAB328}.Release|Any CPU.ActiveCfg = Release|Any CPU
		{5F777E71-F3CD-4880-A053-DEE5ECEAB328}.Release|Any CPU.Build.0 = Release|Any CPU
	EndGlobalSection
	GlobalSection(SolutionProperties) = preSolution
		HideSolutionNode = FALSE
	EndGlobalSection
	GlobalSection(ExtensibilityGlobals) = postSolution
		SolutionGuid = {1B3333D2-786E-4B50-808D-BB2573D6C275}
	EndGlobalSection
EndGlobal
