
Microsoft Visual Studio Solution File, Format Version 12.00
# Visual Studio Version 16
VisualStudioVersion = 16.0.28803.352
MinimumVisualStudioVersion = 10.0.40219.1
Project("{9A19103F-16F7-4668-BE54-9A1E7A4F7556}") = "ICSharpCore.UnitTest", "test\ICSharpCore.UnitTest\ICSharpCore.UnitTest.csproj", "{FF84376F-FF63-40AC-AF62-F78A064A41DC}"
EndProject
Project("{9A19103F-16F7-4668-BE54-9A1E7A4F7556}") = "ICSharpCore", "src\ICSharpCore\ICSharpCore.csproj", "{8B30BADA-FD6A-4693-B06B-32DB2CE17EF9}"
EndProject
Global
	GlobalSection(SolutionConfigurationPlatforms) = preSolution
		Debug|Any CPU = Debug|Any CPU
		Release|Any CPU = Release|Any CPU
	EndGlobalSection
	GlobalSection(ProjectConfigurationPlatforms) = postSolution
		{FF84376F-FF63-40AC-AF62-F78A064A41DC}.Debug|Any CPU.ActiveCfg = Debug|Any CPU
		{FF84376F-FF63-40AC-AF62-F78A064A41DC}.Debug|Any CPU.Build.0 = Debug|Any CPU
		{FF84376F-FF63-40AC-AF62-F78A064A41DC}.Release|Any CPU.ActiveCfg = Release|Any CPU
		{FF84376F-FF63-40AC-AF62-F78A064A41DC}.Release|Any CPU.Build.0 = Release|Any CPU
		{8B30BADA-FD6A-4693-B06B-32DB2CE17EF9}.Debug|Any CPU.ActiveCfg = Debug|Any CPU
		{8B30BADA-FD6A-4693-B06B-32DB2CE17EF9}.Debug|Any CPU.Build.0 = Debug|Any CPU
		{8B30BADA-FD6A-4693-B06B-32DB2CE17EF9}.Release|Any CPU.ActiveCfg = Release|Any CPU
		{8B30BADA-FD6A-4693-B06B-32DB2CE17EF9}.Release|Any CPU.Build.0 = Release|Any CPU
	EndGlobalSection
	GlobalSection(SolutionProperties) = preSolution
		HideSolutionNode = FALSE
	EndGlobalSection
	GlobalSection(ExtensibilityGlobals) = postSolution
		SolutionGuid = {1B3333D2-786E-4B50-808D-BB2573D6C275}
	EndGlobalSection
EndGlobal
